
Microsoft Visual Studio Solution File, Format Version 12.00
# Visual Studio Version 16
VisualStudioVersion = 16.0.30128.74
MinimumVisualStudioVersion = 10.0.40219.1
Project("{FAE04EC0-301F-11D3-BF4B-00C04F79EFBC}") = "Stop-rogue-software", "Stop-rogue-software\Stop-rogue-software.csproj", "{EEC20916-E54C-454C-89D9-916FD71F9F3E}"
EndProject
Global
	GlobalSection(SolutionConfigurationPlatforms) = preSolution
		Debug|Any CPU = Debug|Any CPU
		Release|Any CPU = Release|Any CPU
	EndGlobalSection
	GlobalSection(ProjectConfigurationPlatforms) = postSolution
		{EEC20916-E54C-454C-89D9-916FD71F9F3E}.Debug|Any CPU.ActiveCfg = Debug|Any CPU
		{EEC20916-E54C-454C-89D9-916FD71F9F3E}.Debug|Any CPU.Build.0 = Debug|Any CPU
		{EEC20916-E54C-454C-89D9-916FD71F9F3E}.Release|Any CPU.ActiveCfg = Release|Any CPU
		{EEC20916-E54C-454C-89D9-916FD71F9F3E}.Release|Any CPU.Build.0 = Release|Any CPU
	EndGlobalSection
	GlobalSection(SolutionProperties) = preSolution
		HideSolutionNode = FALSE
	EndGlobalSection
	GlobalSection(ExtensibilityGlobals) = postSolution
		SolutionGuid = {DA96859B-C5EB-493E-9ABB-C7CFAD7939BF}
	EndGlobalSection
EndGlobal
